{
  "name": "helloworld",
  "version": "0.0.1",
  "lockfileVersion": 3,
  "requires": true,
  "packages": {
    "": {
      "name": "helloworld",
      "version": "0.0.1",
      "license": "Apache-2.0",
      "devDependencies": {
        "@podman-desktop/api": "1.29.1",
        "@types/node": "^26",
        "typescript": "6.0.3"
      },
      "engines": {
        "podman-desktop": ">=1.10.0"
      }
    },
    "node_modules/@podman-desktop/api": {
      "version": "1.29.1",
      "resolved": "https://registry.npmjs.org/@podman-desktop/api/-/api-1.29.1.tgz",
      "integrity": "sha512-UtCY2t5hVLz5pHXSV5DmQESPLUqSxDgKhJfqlQ4GO7L0x/fQdaX22KGbuzOEUSs1KzB0nwWNB3ylaTcE/OBdZA==",
      "dev": true,
      "license": "Apache-2.0"
    },
    "node_modules/@types/node": {
      "version": "26.4.0",
      "resolved": "https://registry.npmjs.org/@types/node/-/node-26.4.0.tgz",
      "integrity": "sha512-faiGnoIrLH/V8cibOMEAZ8pMw6oXqSukl29ra4mN8GdaB2ZewzeaLj+INpV5N+Z1eKWzY+IzaIZH2EIR6YZRNQ==",
      "dev": true,
      "license": "MIT",
      "dependencies": {
        "undici-types": "~8.3.0"
      }
    },
    "node_modules/typescript": {
      "version": "6.0.3",
      "resolved": "https://registry.npmjs.org/typescript/-/typescript-6.0.3.tgz",
      "integrity": "sha512-y2TvuxSZPDyQakkFRPZHKFm+KKVqIisdg9/CZwm9ftvKXLP8NRWj38/ODjNbr43SsoXqNuAisEf1GdCxqWcdBw==",
      "dev": true,
      "license": "Apache-2.0",
      "bin": {
        "tsc": "bin/tsc",
        "tsserver": "bin/tsserver"
      },
      "engines": {
        "node": ">=14.17"
      }
    },
    "node_modules/undici-types": {
      "version": "8.3.0",
      "resolved": "https://registry.npmjs.org/undici-types/-/undici-types-8.3.0.tgz",
      "integrity": "sha512-j375ScV60dom+YkPFIfTLcOiPxkN/buHz5GobjLhixFuANaNs3C9l4GmrWqejgXWJ7BbJcFYpTEUkS1Ge8bpZQ==",
      "dev": true,
      "license": "MIT"
    }
  }
}
